<?xml version="1.0" encoding="utf-8"?>
<Project ToolsVersion="4.0" xmlns="http://schemas.microsoft.com/developer/msbuild/2003">
  <ItemGroup>
    <ClCompile Include="..\glfw\lib\joystick.c">
      <Filter>glfw</Filter>
    </ClCompile>
    <ClCompile Include="..\glfw\lib\win32\win32_joystick.c">
      <Filter>glfw</Filter>
    </ClCompile>
    <ClCompile Include="..\main.cpp" />
  </ItemGroup>
  <ItemGroup>
    <ClInclude Include="..\glfw\lib\internal.h">
      <Filter>glfw</Filter>
    </ClInclude>
  </ItemGroup>
  <ItemGroup>
    <Filter Include="stb">
      <UniqueIdentifier>{25fc8a80-cfea-408d-8787-d3590ba48db9}</UniqueIdentifier>
    </Filter>
    <Filter Include="glfw">
      <UniqueIdentifier>{4e218c8e-e0aa-4359-ae44-34be26958a3c}</UniqueIdentifier>
    </Filter>
  </ItemGroup>
</Project>